
Microsoft Visual Studio Solution File, Format Version 12.00
# Visual Studio Version 17
VisualStudioVersion = 17.0.31903.59
MinimumVisualStudioVersion = 10.0.40219.1
Project("{FAE04EC0-301F-11D3-BF4B-00C04F79EFBC}") = "enter", "enter\enter.csproj", "{F4F9540D-5132-4FE4-9488-B6A85587541F}"
EndProject
Global
	GlobalSection(SolutionConfigurationPlatforms) = preSolution
		Debug|Any CPU = Debug|Any CPU
		Release|Any CPU = Release|Any CPU
	EndGlobalSection
	GlobalSection(SolutionProperties) = preSolution
		HideSolutionNode = FALSE
	EndGlobalSection
	GlobalSection(ProjectConfigurationPlatforms) = postSolution
		{F4F9540D-5132-4FE4-9488-B6A85587541F}.Debug|Any CPU.ActiveCfg = Debug|Any CPU
		{F4F9540D-5132-4FE4-9488-B6A85587541F}.Debug|Any CPU.Build.0 = Debug|Any CPU
		{F4F9540D-5132-4FE4-9488-B6A85587541F}.Release|Any CPU.ActiveCfg = Release|Any CPU
		{F4F9540D-5132-4FE4-9488-B6A85587541F}.Release|Any CPU.Build.0 = Release|Any CPU
	EndGlobalSection
EndGlobal
